# THIS IS AN AUTOGENERATED FILE. DO NOT EDIT THIS FILE DIRECTLY.
# yarn lockfile v1


"@types/node@^22.15.2":
  version "22.15.17"
  resolved "https://registry.yarnpkg.com/@types/node/-/node-22.15.17.tgz#355ccec95f705b664e4332bb64a7f07db30b7055"
  integrity sha512-wIX2aSZL5FE+MR0JlvF87BNVrtFWf6AE6rxSE9X7OwnVvoyCQjpzSRJ+M87se/4QCkCiebQAqrJ0y6fwIyi7nw==
  dependencies:
    undici-types "~6.21.0"

internetdata@1.2.22:
  version "1.2.22"
  resolved "https://registry.yarnpkg.com/internetdata/-/internetdata-1.2.22.tgz#49677917995224f3e99890f3e0478d5a3c95af8e"
  integrity sha512-G2REq2m7ihAIR4x5/41PMIAztdopql1Y3/iaH28gZLpGLEcY69yuz4IBgNj4P3GGX3i1iWMkmhXtQtO8tgD0Cg==
  dependencies:
    "@types/node" "^22.15.2"
    postgres "^3.4.5"
    typescript "^5.8.3"
    zod "^3.24.3"

postgres@^3.4.5:
  version "3.4.5"
  resolved "https://registry.yarnpkg.com/postgres/-/postgres-3.4.5.tgz#1ef99e51b0ba9b53cbda8a215dd406725f7d15f9"
  integrity sha512-cDWgoah1Gez9rN3H4165peY9qfpEo+SA61oQv65O3cRUE1pOEoJWwddwcqKE8XZYjbblOJlYDlLV4h67HrEVDg==

typescript@^5.8.3:
  version "5.8.3"
  resolved "https://registry.yarnpkg.com/typescript/-/typescript-5.8.3.tgz#92f8a3e5e3cf497356f4178c34cd65a7f5e8440e"
  integrity sha512-p1diW6TqL9L07nNxvRMM7hMMw4c5XOo/1ibL4aAIGmSAt9slTE1Xgw5KWuof2uTOvCg9BY7ZRi+GaF+7sfgPeQ==

undici-types@~6.21.0:
  version "6.21.0"
  resolved "https://registry.yarnpkg.com/undici-types/-/undici-types-6.21.0.tgz#691d00af3909be93a7faa13be61b3a5b50ef12cb"
  integrity sha512-iwDZqg0QAGrg9Rav5H4n0M64c3mkR59cJ6wQp+7C4nI0gsmExaedaYLNO44eT4AtBBwjbTiGPMlt2Md0T9H9JQ==

zod@^3.24.3, zod@^3.24.4:
  version "3.24.4"
  resolved "https://registry.yarnpkg.com/zod/-/zod-3.24.4.tgz#e2e2cca5faaa012d76e527d0d36622e0a90c315f"
  integrity sha512-OdqJE9UDRPwWsrHjLN2F8bPxvwJBK22EHLWtanu0LSYr5YqzsaaW3RMgmjwr8Rypg5k+meEJdSPXJZXE/yqOMg==
